// !$*UTF8*$!
{
	archiveVersion = 1;
	classes = {
	};
	objectVersion = 50;
	objects = {

/* Begin PBXBuildFile section */
		80206E9A239E025D0035E672 /* assembler.cpp in Sources */ = {isa = PBXBuildFile; fileRef = 80206E98239E025D0035E672 /* assembler.cpp */; };
		80227081239B719500CE1CFE /* log.cpp in Sources */ = {isa = PBXBuildFile; fileRef = 8022707F239B719500CE1CFE /* log.cpp */; };
		8047D590239307C900D7CDA9 /* data.cpp in Sources */ = {isa = PBXBuildFile; fileRef = 8047D58E239307C900D7CDA9 /* data.cpp */; };
		8047D593239386BE00D7CDA9 /* macroman.cpp in Sources */ = {isa = PBXBuildFile; fileRef = 8047D592239386BE00D7CDA9 /* macroman.cpp */; };
		8047D59A2394DCCB00D7CDA9 /* file.cpp in Sources */ = {isa = PBXBuildFile; fileRef = 8047D5982394DCCB00D7CDA9 /* file.cpp */; };
		80678E05238D89DB00AE94AE /* sema.cpp in Sources */ = {isa = PBXBuildFile; fileRef = 80678E03238D89DB00AE94AE /* sema.cpp */; };
		80678E9923902ADF00AE94AE /* directive.cpp in Sources */ = {isa = PBXBuildFile; fileRef = 80678E9723902ADF00AE94AE /* directive.cpp */; };
		80678EA12390D2E000AE94AE /* target.cpp in Sources */ = {isa = PBXBuildFile; fileRef = 80678E9F2390D2E000AE94AE /* target.cpp */; };
		80678EA42390D42600AE94AE /* declaration.cpp in Sources */ = {isa = PBXBuildFile; fileRef = 80678EA22390D42600AE94AE /* declaration.cpp */; };
		80678EAA2392456B00AE94AE /* resource.cpp in Sources */ = {isa = PBXBuildFile; fileRef = 80678EA82392456B00AE94AE /* resource.cpp */; };
		80940A0B238A583300137EB1 /* main.cpp in Sources */ = {isa = PBXBuildFile; fileRef = 80940A0A238A583300137EB1 /* main.cpp */; };
		80940A0E238A598E00137EB1 /* lexer.cpp in Sources */ = {isa = PBXBuildFile; fileRef = 80940A0C238A598E00137EB1 /* lexer.cpp */; };
/* End PBXBuildFile section */

/* Begin PBXCopyFilesBuildPhase section */
		80940A00238A581300137EB1 /* CopyFiles */ = {
			isa = PBXCopyFilesBuildPhase;
			buildActionMask = 2147483647;
			dstPath = /usr/share/man/man1/;
			dstSubfolderSpec = 0;
			files = (
			);
			runOnlyForDeploymentPostprocessing = 1;
		};
/* End PBXCopyFilesBuildPhase section */

/* Begin PBXFileReference section */
		80206E98239E025D0035E672 /* assembler.cpp */ = {isa = PBXFileReference; lastKnownFileType = sourcecode.cpp.cpp; path = assembler.cpp; sourceTree = "<group>"; };
		80206E99239E025D0035E672 /* assembler.hpp */ = {isa = PBXFileReference; lastKnownFileType = sourcecode.cpp.h; path = assembler.hpp; sourceTree = "<group>"; };
		8022707F239B719500CE1CFE /* log.cpp */ = {isa = PBXFileReference; lastKnownFileType = sourcecode.cpp.cpp; path = log.cpp; sourceTree = "<group>"; };
		80227080239B719500CE1CFE /* log.hpp */ = {isa = PBXFileReference; lastKnownFileType = sourcecode.cpp.h; path = log.hpp; sourceTree = "<group>"; };
		8047D58E239307C900D7CDA9 /* data.cpp */ = {isa = PBXFileReference; lastKnownFileType = sourcecode.cpp.cpp; path = data.cpp; sourceTree = "<group>"; };
		8047D58F239307C900D7CDA9 /* data.hpp */ = {isa = PBXFileReference; lastKnownFileType = sourcecode.cpp.h; path = data.hpp; sourceTree = "<group>"; };
		8047D591239386BE00D7CDA9 /* macroman.hpp */ = {isa = PBXFileReference; fileEncoding = 4; lastKnownFileType = sourcecode.cpp.h; path = macroman.hpp; sourceTree = "<group>"; };
		8047D592239386BE00D7CDA9 /* macroman.cpp */ = {isa = PBXFileReference; fileEncoding = 4; lastKnownFileType = sourcecode.cpp.cpp; path = macroman.cpp; sourceTree = "<group>"; };
		8047D5982394DCCB00D7CDA9 /* file.cpp */ = {isa = PBXFileReference; lastKnownFileType = sourcecode.cpp.cpp; path = file.cpp; sourceTree = "<group>"; };
		8047D5992394DCCB00D7CDA9 /* file.hpp */ = {isa = PBXFileReference; lastKnownFileType = sourcecode.cpp.h; path = file.hpp; sourceTree = "<group>"; };
		80678E03238D89DB00AE94AE /* sema.cpp */ = {isa = PBXFileReference; lastKnownFileType = sourcecode.cpp.cpp; path = sema.cpp; sourceTree = "<group>"; };
		80678E04238D89DB00AE94AE /* sema.hpp */ = {isa = PBXFileReference; lastKnownFileType = sourcecode.cpp.h; path = sema.hpp; sourceTree = "<group>"; };
		80678E9723902ADF00AE94AE /* directive.cpp */ = {isa = PBXFileReference; lastKnownFileType = sourcecode.cpp.cpp; path = directive.cpp; sourceTree = "<group>"; };
		80678E9823902ADF00AE94AE /* directive.hpp */ = {isa = PBXFileReference; lastKnownFileType = sourcecode.cpp.h; path = directive.hpp; sourceTree = "<group>"; };
		80678E9F2390D2E000AE94AE /* target.cpp */ = {isa = PBXFileReference; lastKnownFileType = sourcecode.cpp.cpp; path = target.cpp; sourceTree = "<group>"; };
		80678EA02390D2E000AE94AE /* target.hpp */ = {isa = PBXFileReference; lastKnownFileType = sourcecode.cpp.h; path = target.hpp; sourceTree = "<group>"; };
		80678EA22390D42600AE94AE /* declaration.cpp */ = {isa = PBXFileReference; lastKnownFileType = sourcecode.cpp.cpp; path = declaration.cpp; sourceTree = "<group>"; };
		80678EA32390D42600AE94AE /* declaration.hpp */ = {isa = PBXFileReference; lastKnownFileType = sourcecode.cpp.h; path = declaration.hpp; sourceTree = "<group>"; };
		80678EA82392456B00AE94AE /* resource.cpp */ = {isa = PBXFileReference; lastKnownFileType = sourcecode.cpp.cpp; path = resource.cpp; sourceTree = "<group>"; };
		80678EA92392456B00AE94AE /* resource.hpp */ = {isa = PBXFileReference; lastKnownFileType = sourcecode.cpp.h; path = resource.hpp; sourceTree = "<group>"; };
		80940A02238A581300137EB1 /* kas */ = {isa = PBXFileReference; explicitFileType = "compiled.mach-o.executable"; includeInIndex = 0; path = kas; sourceTree = BUILT_PRODUCTS_DIR; };
		80940A0A238A583300137EB1 /* main.cpp */ = {isa = PBXFileReference; lastKnownFileType = sourcecode.cpp.cpp; path = main.cpp; sourceTree = "<group>"; };
		80940A0C238A598E00137EB1 /* lexer.cpp */ = {isa = PBXFileReference; lastKnownFileType = sourcecode.cpp.cpp; path = lexer.cpp; sourceTree = "<group>"; };
		80940A0D238A598E00137EB1 /* lexer.hpp */ = {isa = PBXFileReference; lastKnownFileType = sourcecode.cpp.h; path = lexer.hpp; sourceTree = "<group>"; };
/* End PBXFileReference section */

/* Begin PBXFrameworksBuildPhase section */
		809409FF238A581300137EB1 /* Frameworks */ = {
			isa = PBXFrameworksBuildPhase;
			buildActionMask = 2147483647;
			files = (
			);
			runOnlyForDeploymentPostprocessing = 0;
		};
/* End PBXFrameworksBuildPhase section */

/* Begin PBXGroup section */
		8022707E239B717A00CE1CFE /* diagnostic */ = {
			isa = PBXGroup;
			children = (
				80227080239B719500CE1CFE /* log.hpp */,
				8022707F239B719500CE1CFE /* log.cpp */,
			);
			path = diagnostic;
			sourceTree = "<group>";
		};
		8047D58D2393079B00D7CDA9 /* rsrc */ = {
			isa = PBXGroup;
			children = (
				8047D591239386BE00D7CDA9 /* macroman.hpp */,
				8047D592239386BE00D7CDA9 /* macroman.cpp */,
				8047D58F239307C900D7CDA9 /* data.hpp */,
				8047D58E239307C900D7CDA9 /* data.cpp */,
				8047D5992394DCCB00D7CDA9 /* file.hpp */,
				8047D5982394DCCB00D7CDA9 /* file.cpp */,
			);
			path = rsrc;
			sourceTree = "<group>";
		};
		8047D5942394DB0500D7CDA9 /* assemblers */ = {
			isa = PBXGroup;
			children = (
				80206E99239E025D0035E672 /* assembler.hpp */,
				80206E98239E025D0035E672 /* assembler.cpp */,
			);
			path = assemblers;
			sourceTree = "<group>";
		};
		80678E9623902AD400AE94AE /* sema */ = {
			isa = PBXGroup;
			children = (
				80678E9823902ADF00AE94AE /* directive.hpp */,
				80678E9723902ADF00AE94AE /* directive.cpp */,
				80678EA32390D42600AE94AE /* declaration.hpp */,
				80678EA22390D42600AE94AE /* declaration.cpp */,
			);
			path = sema;
			sourceTree = "<group>";
		};
		80678E9A2390310400AE94AE /* structures */ = {
			isa = PBXGroup;
			children = (
				80678EA02390D2E000AE94AE /* target.hpp */,
				80678E9F2390D2E000AE94AE /* target.cpp */,
				80678EA92392456B00AE94AE /* resource.hpp */,
				80678EA82392456B00AE94AE /* resource.cpp */,
			);
			path = structures;
			sourceTree = "<group>";
		};
		809409F5238A4D7700137EB1 = {
			isa = PBXGroup;
			children = (
				80940A03238A581300137EB1 /* Products */,
				809409FD238A57FB00137EB1 /* kas */,
			);
			sourceTree = "<group>";
		};
		809409FD238A57FB00137EB1 /* kas */ = {
			isa = PBXGroup;
			children = (
				80940A0A238A583300137EB1 /* main.cpp */,
				8022707E239B717A00CE1CFE /* diagnostic */,
				8047D5942394DB0500D7CDA9 /* assemblers */,
				8047D58D2393079B00D7CDA9 /* rsrc */,
				80678E9A2390310400AE94AE /* structures */,
				80940A0F238A59BD00137EB1 /* kdl */,
			);
			name = kas;
			path = ../kas;
			sourceTree = "<group>";
		};
		80940A03238A581300137EB1 /* Products */ = {
			isa = PBXGroup;
			children = (
				80940A02238A581300137EB1 /* kas */,
			);
			name = Products;
			sourceTree = "<group>";
		};
		80940A0F238A59BD00137EB1 /* kdl */ = {
			isa = PBXGroup;
			children = (
				80940A0D238A598E00137EB1 /* lexer.hpp */,
				80940A0C238A598E00137EB1 /* lexer.cpp */,
				80678E04238D89DB00AE94AE /* sema.hpp */,
				80678E03238D89DB00AE94AE /* sema.cpp */,
				80678E9623902AD400AE94AE /* sema */,
			);
			path = kdl;
			sourceTree = "<group>";
		};
/* End PBXGroup section */

/* Begin PBXNativeTarget section */
		80940A01238A581300137EB1 /* kas */ = {
			isa = PBXNativeTarget;
			buildConfigurationList = 80940A07238A581300137EB1 /* Build configuration list for PBXNativeTarget "kas" */;
			buildPhases = (
				809409FE238A581300137EB1 /* Sources */,
				809409FF238A581300137EB1 /* Frameworks */,
				80940A00238A581300137EB1 /* CopyFiles */,
			);
			buildRules = (
			);
			dependencies = (
			);
			name = kas;
			productName = kas;
			productReference = 80940A02238A581300137EB1 /* kas */;
			productType = "com.apple.product-type.tool";
		};
/* End PBXNativeTarget section */

/* Begin PBXProject section */
		809409F6238A4D7700137EB1 /* Project object */ = {
			isa = PBXProject;
			attributes = {
				LastUpgradeCheck = 1110;
				TargetAttributes = {
					80940A01238A581300137EB1 = {
						CreatedOnToolsVersion = 11.1;
					};
				};
			};
			buildConfigurationList = 809409F9238A4D7700137EB1 /* Build configuration list for PBXProject "kas" */;
			compatibilityVersion = "Xcode 9.3";
			developmentRegion = en;
			hasScannedForEncodings = 0;
			knownRegions = (
				en,
				Base,
			);
			mainGroup = 809409F5238A4D7700137EB1;
			productRefGroup = 80940A03238A581300137EB1 /* Products */;
			projectDirPath = "";
			projectRoot = "";
			targets = (
				80940A01238A581300137EB1 /* kas */,
			);
		};
/* End PBXProject section */

/* Begin PBXSourcesBuildPhase section */
		809409FE238A581300137EB1 /* Sources */ = {
			isa = PBXSourcesBuildPhase;
			buildActionMask = 2147483647;
			files = (
				80206E9A239E025D0035E672 /* assembler.cpp in Sources */,
				80940A0E238A598E00137EB1 /* lexer.cpp in Sources */,
				80678EAA2392456B00AE94AE /* resource.cpp in Sources */,
				80678E9923902ADF00AE94AE /* directive.cpp in Sources */,
				8047D590239307C900D7CDA9 /* data.cpp in Sources */,
				80940A0B238A583300137EB1 /* main.cpp in Sources */,
				8047D593239386BE00D7CDA9 /* macroman.cpp in Sources */,
				8047D59A2394DCCB00D7CDA9 /* file.cpp in Sources */,
				80678E05238D89DB00AE94AE /* sema.cpp in Sources */,
				80227081239B719500CE1CFE /* log.cpp in Sources */,
				80678EA42390D42600AE94AE /* declaration.cpp in Sources */,
				80678EA12390D2E000AE94AE /* target.cpp in Sources */,
			);
			runOnlyForDeploymentPostprocessing = 0;
		};
/* End PBXSourcesBuildPhase section */

/* Begin XCBuildConfiguration section */
		809409FA238A4D7700137EB1 /* Debug */ = {
			isa = XCBuildConfiguration;
			buildSettings = {
			};
			name = Debug;
		};
		809409FB238A4D7700137EB1 /* Release */ = {
			isa = XCBuildConfiguration;
			buildSettings = {
			};
			name = Release;
		};
		80940A08238A581300137EB1 /* Debug */ = {
			isa = XCBuildConfiguration;
			buildSettings = {
				ALWAYS_SEARCH_USER_PATHS = NO;
				CLANG_ANALYZER_NONNULL = YES;
				CLANG_ANALYZER_NUMBER_OBJECT_CONVERSION = YES_AGGRESSIVE;
				CLANG_CXX_LANGUAGE_STANDARD = "gnu++14";
				CLANG_CXX_LIBRARY = "libc++";
				CLANG_ENABLE_MODULES = YES;
				CLANG_ENABLE_OBJC_ARC = YES;
				CLANG_ENABLE_OBJC_WEAK = YES;
				CLANG_WARN_BLOCK_CAPTURE_AUTORELEASING = YES;
				CLANG_WARN_BOOL_CONVERSION = YES;
				CLANG_WARN_COMMA = YES;
				CLANG_WARN_CONSTANT_CONVERSION = YES;
				CLANG_WARN_DEPRECATED_OBJC_IMPLEMENTATIONS = YES;
				CLANG_WARN_DIRECT_OBJC_ISA_USAGE = YES_ERROR;
				CLANG_WARN_DOCUMENTATION_COMMENTS = YES;
				CLANG_WARN_EMPTY_BODY = YES;
				CLANG_WARN_ENUM_CONVERSION = YES;
				CLANG_WARN_INFINITE_RECURSION = YES;
				CLANG_WARN_INT_CONVERSION = YES;
				CLANG_WARN_NON_LITERAL_NULL_CONVERSION = YES;
				CLANG_WARN_OBJC_IMPLICIT_RETAIN_SELF = YES;
				CLANG_WARN_OBJC_LITERAL_CONVERSION = YES;
				CLANG_WARN_OBJC_ROOT_CLASS = YES_ERROR;
				CLANG_WARN_RANGE_LOOP_ANALYSIS = YES;
				CLANG_WARN_STRICT_PROTOTYPES = YES;
				CLANG_WARN_SUSPICIOUS_MOVE = YES;
				CLANG_WARN_UNGUARDED_AVAILABILITY = YES_AGGRESSIVE;
				CLANG_WARN_UNREACHABLE_CODE = YES;
				CLANG_WARN__DUPLICATE_METHOD_MATCH = YES;
				CODE_SIGN_STYLE = Automatic;
				COPY_PHASE_STRIP = NO;
				DEBUG_INFORMATION_FORMAT = dwarf;
				ENABLE_STRICT_OBJC_MSGSEND = YES;
				ENABLE_TESTABILITY = YES;
				GCC_C_LANGUAGE_STANDARD = gnu11;
				GCC_DYNAMIC_NO_PIC = NO;
				GCC_NO_COMMON_BLOCKS = YES;
				GCC_OPTIMIZATION_LEVEL = 0;
				GCC_PREPROCESSOR_DEFINITIONS = (
					"DEBUG=1",
					"$(inherited)",
				);
				GCC_WARN_64_TO_32_BIT_CONVERSION = YES;
				GCC_WARN_ABOUT_RETURN_TYPE = YES_ERROR;
				GCC_WARN_UNDECLARED_SELECTOR = YES;
				GCC_WARN_UNINITIALIZED_AUTOS = YES_AGGRESSIVE;
				GCC_WARN_UNUSED_FUNCTION = YES;
				GCC_WARN_UNUSED_VARIABLE = YES;
				MACOSX_DEPLOYMENT_TARGET = 10.15;
				MTL_ENABLE_DEBUG_INFO = INCLUDE_SOURCE;
				MTL_FAST_MATH = YES;
				ONLY_ACTIVE_ARCH = YES;
				OTHER_CFLAGS = "-I../kas";
				PRODUCT_NAME = "$(TARGET_NAME)";
				SDKROOT = macosx;
			};
			name = Debug;
		};
		80940A09238A581300137EB1 /* Release */ = {
			isa = XCBuildConfiguration;
			buildSettings = {
				ALWAYS_SEARCH_USER_PATHS = NO;
				CLANG_ANALYZER_NONNULL = YES;
				CLANG_ANALYZER_NUMBER_OBJECT_CONVERSION = YES_AGGRESSIVE;
				CLANG_CXX_LANGUAGE_STANDARD = "gnu++14";
				CLANG_CXX_LIBRARY = "libc++";
				CLANG_ENABLE_MODULES = YES;
				CLANG_ENABLE_OBJC_ARC = YES;
				CLANG_ENABLE_OBJC_WEAK = YES;
				CLANG_WARN_BLOCK_CAPTURE_AUTORELEASING = YES;
				CLANG_WARN_BOOL_CONVERSION = YES;
				CLANG_WARN_COMMA = YES;
				CLANG_WARN_CONSTANT_CONVERSION = YES;
				CLANG_WARN_DEPRECATED_OBJC_IMPLEMENTATIONS = YES;
				CLANG_WARN_DIRECT_OBJC_ISA_USAGE = YES_ERROR;
				CLANG_WARN_DOCUMENTATION_COMMENTS = YES;
				CLANG_WARN_EMPTY_BODY = YES;
				CLANG_WARN_ENUM_CONVERSION = YES;
				CLANG_WARN_INFINITE_RECURSION = YES;
				CLANG_WARN_INT_CONVERSION = YES;
				CLANG_WARN_NON_LITERAL_NULL_CONVERSION = YES;
				CLANG_WARN_OBJC_IMPLICIT_RETAIN_SELF = YES;
				CLANG_WARN_OBJC_LITERAL_CONVERSION = YES;
				CLANG_WARN_OBJC_ROOT_CLASS = YES_ERROR;
				CLANG_WARN_RANGE_LOOP_ANALYSIS = YES;
				CLANG_WARN_STRICT_PROTOTYPES = YES;
				CLANG_WARN_SUSPICIOUS_MOVE = YES;
				CLANG_WARN_UNGUARDED_AVAILABILITY = YES_AGGRESSIVE;
				CLANG_WARN_UNREACHABLE_CODE = YES;
				CLANG_WARN__DUPLICATE_METHOD_MATCH = YES;
				CODE_SIGN_STYLE = Automatic;
				COPY_PHASE_STRIP = NO;
				DEBUG_INFORMATION_FORMAT = "dwarf-with-dsym";
				ENABLE_NS_ASSERTIONS = NO;
				ENABLE_STRICT_OBJC_MSGSEND = YES;
				GCC_C_LANGUAGE_STANDARD = gnu11;
				GCC_NO_COMMON_BLOCKS = YES;
				GCC_WARN_64_TO_32_BIT_CONVERSION = YES;
				GCC_WARN_ABOUT_RETURN_TYPE = YES_ERROR;
				GCC_WARN_UNDECLARED_SELECTOR = YES;
				GCC_WARN_UNINITIALIZED_AUTOS = YES_AGGRESSIVE;
				GCC_WARN_UNUSED_FUNCTION = YES;
				GCC_WARN_UNUSED_VARIABLE = YES;
				MACOSX_DEPLOYMENT_TARGET = 10.15;
				MTL_ENABLE_DEBUG_INFO = NO;
				MTL_FAST_MATH = YES;
				OTHER_CFLAGS = "-I../kas";
				PRODUCT_NAME = "$(TARGET_NAME)";
				SDKROOT = macosx;
			};
			name = Release;
		};
/* End XCBuildConfiguration section */

/* Begin XCConfigurationList section */
		809409F9238A4D7700137EB1 /* Build configuration list for PBXProject "kas" */ = {
			isa = XCConfigurationList;
			buildConfigurations = (
				809409FA238A4D7700137EB1 /* Debug */,
				809409FB238A4D7700137EB1 /* Release */,
			);
			defaultConfigurationIsVisible = 0;
			defaultConfigurationName = Release;
		};
		80940A07238A581300137EB1 /* Build configuration list for PBXNativeTarget "kas" */ = {
			isa = XCConfigurationList;
			buildConfigurations = (
				80940A08238A581300137EB1 /* Debug */,
				80940A09238A581300137EB1 /* Release */,
			);
			defaultConfigurationIsVisible = 0;
			defaultConfigurationName = Release;
		};
/* End XCConfigurationList section */
	};
	rootObject = 809409F6238A4D7700137EB1 /* Project object */;
}
